# This file is automatically @generated by Poetry 1.5.1 and should not be changed by hand.

[[package]]
name = "core-commands"
version = "0.1.4"
description = ""
optional = false
python-versions = ">=3.11,<4.0"
files = [
    {file = "core_commands-0.1.4-py3-none-any.whl", hash = "sha256:55b440c62db9a099e49a396bf0b66f1c16b22f038d40fd0234095569d2fbb342"},
    {file = "core_commands-0.1.4.tar.gz", hash = "sha256:410bc61cc8e5f594cf1d17c255ebc8fc0e0659da81f7a85c994a7aefde5e4ff3"},
]

[metadata]
lock-version = "2.0"
python-versions = "^3.11"
content-hash = "e5243561a5941db9a0e38084d15f82b3bd23ce2a1308afe02eb6427ee6268fda"
